
Microsoft Visual Studio Solution File, Format Version 12.00
# Visual Studio Version 17
VisualStudioVersion = 17.0.31903.59
MinimumVisualStudioVersion = 10.0.40219.1
Project("{FAE04EC0-301F-11D3-BF4B-00C04F79EFBC}") = "BikeShop", "BikeShop\BikeShop.csproj", "{DC294EA5-6432-4FEE-A4EB-47F61D981C74}"
EndProject
Global
	GlobalSection(SolutionConfigurationPlatforms) = preSolution
		Debug|Any CPU = Debug|Any CPU
		Release|Any CPU = Release|Any CPU
	EndGlobalSection
	GlobalSection(ProjectConfigurationPlatforms) = postSolution
		{DC294EA5-6432-4FEE-A4EB-47F61D981C74}.Debug|Any CPU.ActiveCfg = Debug|Any CPU
		{DC294EA5-6432-4FEE-A4EB-47F61D981C74}.Debug|Any CPU.Build.0 = Debug|Any CPU
		{DC294EA5-6432-4FEE-A4EB-47F61D981C74}.Release|Any CPU.ActiveCfg = Release|Any CPU
		{DC294EA5-6432-4FEE-A4EB-47F61D981C74}.Release|Any CPU.Build.0 = Release|Any CPU
	EndGlobalSection
	GlobalSection(SolutionProperties) = preSolution
		HideSolutionNode = FALSE
	EndGlobalSection
	GlobalSection(ExtensibilityGlobals) = postSolution
		SolutionGuid = {E0ED99C8-3058-468B-970B-2E31EAEE8314}
	EndGlobalSection
EndGlobal
