
Microsoft Visual Studio Solution File, Format Version 12.00
# Visual Studio Version 17
VisualStudioVersion = 17.0.31903.59
MinimumVisualStudioVersion = 10.0.40219.1
Project("{2150E333-8FDC-42A3-9474-1A3956D46DE8}") = "src", "src", "{8BE18083-0B12-44BB-91A6-E480ED6E7D42}"
EndProject
Project("{9A19103F-16F7-4668-BE54-9A1E7A4F7556}") = "BikeShop.API", "src\BikeShop.API\BikeShop.API.csproj", "{E02E35AC-7A22-4472-BB69-E026D895B4E3}"
EndProject
Project("{9A19103F-16F7-4668-BE54-9A1E7A4F7556}") = "BikeShop.App", "src\BikeShop.App\BikeShop.App.csproj", "{04931856-F440-49FE-B8DD-A83619B4623E}"
EndProject
Project("{9A19103F-16F7-4668-BE54-9A1E7A4F7556}") = "BikeShop.Core", "src\BikeShop.Core\BikeShop.Core.csproj", "{B2046FE2-443C-42E0-BA21-750D4ABEFD69}"
EndProject
Project("{2150E333-8FDC-42A3-9474-1A3956D46DE8}") = "test", "test", "{1C8D3885-244E-480B-9CAD-E704C828EC45}"
EndProject
Project("{2150E333-8FDC-42A3-9474-1A3956D46DE8}") = "config", "config", "{6E7DE45B-642E-4A26-A795-5D832C1BEF91}"
	ProjectSection(SolutionItems) = preProject
		.editorconfig = .editorconfig
		docker-compose.yml = docker-compose.yml
	EndProjectSection
EndProject
Project("{9A19103F-16F7-4668-BE54-9A1E7A4F7556}") = "BikeShop.Core.Tests", "test\BikeShop.Core.Tests\BikeShop.Core.Tests.csproj", "{F8405DA4-B902-4A4C-A4E3-30D51D1610D2}"
EndProject
Project("{9A19103F-16F7-4668-BE54-9A1E7A4F7556}") = "BikeShop.App.Tests", "test\BikeShop.App.Tests\BikeShop.App.Tests.csproj", "{D51FC69A-E584-4E6D-B6AF-5790F2F2B3F0}"
EndProject
Project("{9A19103F-16F7-4668-BE54-9A1E7A4F7556}") = "BikeShop.API.Tests", "test\BikeShop.API.Tests\BikeShop.API.Tests.csproj", "{91957E11-46D2-4519-BA26-E09C4B892B1C}"
EndProject
Project("{2150E333-8FDC-42A3-9474-1A3956D46DE8}") = "shared", "shared", "{68C222A9-3516-40D1-BC64-1941FE0328C5}"
EndProject
Project("{9A19103F-16F7-4668-BE54-9A1E7A4F7556}") = "BikeShop.Api.Client", "src\BikeShop.Api.Client\BikeShop.Api.Client.csproj", "{B95BBE80-CADB-4C98-81C2-B53F6F1F3085}"
EndProject
Project("{9A19103F-16F7-4668-BE54-9A1E7A4F7556}") = "BikeShop.Infrastructure", "src\BikeShop.Infrastructure\BikeShop.Infrastructure.csproj", "{B45B15BE-3015-4A72-BBAC-D0DE687096E3}"
EndProject
Project("{9A19103F-16F7-4668-BE54-9A1E7A4F7556}") = "BikeShop.UI", "BikeShop.UI\BikeShop.UI.csproj", "{72E821BA-03AC-42D9-9F8C-CC49722C7FD9}"
EndProject
Project("{FAE04EC0-301F-11D3-BF4B-00C04F79EFBC}") = "BikeShop.FetchData", "BikeShop.FetchData\BikeShop.FetchData.csproj", "{82DAF214-B15A-4167-BA11-E576807F2405}"
EndProject
Global
	GlobalSection(SolutionConfigurationPlatforms) = preSolution
		Debug|Any CPU = Debug|Any CPU
		Release|Any CPU = Release|Any CPU
	EndGlobalSection
	GlobalSection(ProjectConfigurationPlatforms) = postSolution
		{E02E35AC-7A22-4472-BB69-E026D895B4E3}.Debug|Any CPU.ActiveCfg = Debug|Any CPU
		{E02E35AC-7A22-4472-BB69-E026D895B4E3}.Debug|Any CPU.Build.0 = Debug|Any CPU
		{E02E35AC-7A22-4472-BB69-E026D895B4E3}.Release|Any CPU.ActiveCfg = Release|Any CPU
		{E02E35AC-7A22-4472-BB69-E026D895B4E3}.Release|Any CPU.Build.0 = Release|Any CPU
		{04931856-F440-49FE-B8DD-A83619B4623E}.Debug|Any CPU.ActiveCfg = Debug|Any CPU
		{04931856-F440-49FE-B8DD-A83619B4623E}.Debug|Any CPU.Build.0 = Debug|Any CPU
		{04931856-F440-49FE-B8DD-A83619B4623E}.Release|Any CPU.ActiveCfg = Release|Any CPU
		{04931856-F440-49FE-B8DD-A83619B4623E}.Release|Any CPU.Build.0 = Release|Any CPU
		{B2046FE2-443C-42E0-BA21-750D4ABEFD69}.Debug|Any CPU.ActiveCfg = Debug|Any CPU
		{B2046FE2-443C-42E0-BA21-750D4ABEFD69}.Debug|Any CPU.Build.0 = Debug|Any CPU
		{B2046FE2-443C-42E0-BA21-750D4ABEFD69}.Release|Any CPU.ActiveCfg = Release|Any CPU
		{B2046FE2-443C-42E0-BA21-750D4ABEFD69}.Release|Any CPU.Build.0 = Release|Any CPU
		{F8405DA4-B902-4A4C-A4E3-30D51D1610D2}.Debug|Any CPU.ActiveCfg = Debug|Any CPU
		{F8405DA4-B902-4A4C-A4E3-30D51D1610D2}.Debug|Any CPU.Build.0 = Debug|Any CPU
		{F8405DA4-B902-4A4C-A4E3-30D51D1610D2}.Release|Any CPU.ActiveCfg = Release|Any CPU
		{F8405DA4-B902-4A4C-A4E3-30D51D1610D2}.Release|Any CPU.Build.0 = Release|Any CPU
		{D51FC69A-E584-4E6D-B6AF-5790F2F2B3F0}.Debug|Any CPU.ActiveCfg = Debug|Any CPU
		{D51FC69A-E584-4E6D-B6AF-5790F2F2B3F0}.Debug|Any CPU.Build.0 = Debug|Any CPU
		{D51FC69A-E584-4E6D-B6AF-5790F2F2B3F0}.Release|Any CPU.ActiveCfg = Release|Any CPU
		{D51FC69A-E584-4E6D-B6AF-5790F2F2B3F0}.Release|Any CPU.Build.0 = Release|Any CPU
		{91957E11-46D2-4519-BA26-E09C4B892B1C}.Debug|Any CPU.ActiveCfg = Debug|Any CPU
		{91957E11-46D2-4519-BA26-E09C4B892B1C}.Debug|Any CPU.Build.0 = Debug|Any CPU
		{91957E11-46D2-4519-BA26-E09C4B892B1C}.Release|Any CPU.ActiveCfg = Release|Any CPU
		{91957E11-46D2-4519-BA26-E09C4B892B1C}.Release|Any CPU.Build.0 = Release|Any CPU
		{B95BBE80-CADB-4C98-81C2-B53F6F1F3085}.Debug|Any CPU.ActiveCfg = Debug|Any CPU
		{B95BBE80-CADB-4C98-81C2-B53F6F1F3085}.Debug|Any CPU.Build.0 = Debug|Any CPU
		{B95BBE80-CADB-4C98-81C2-B53F6F1F3085}.Release|Any CPU.ActiveCfg = Release|Any CPU
		{B95BBE80-CADB-4C98-81C2-B53F6F1F3085}.Release|Any CPU.Build.0 = Release|Any CPU
		{B45B15BE-3015-4A72-BBAC-D0DE687096E3}.Debug|Any CPU.ActiveCfg = Debug|Any CPU
		{B45B15BE-3015-4A72-BBAC-D0DE687096E3}.Debug|Any CPU.Build.0 = Debug|Any CPU
		{B45B15BE-3015-4A72-BBAC-D0DE687096E3}.Release|Any CPU.ActiveCfg = Release|Any CPU
		{B45B15BE-3015-4A72-BBAC-D0DE687096E3}.Release|Any CPU.Build.0 = Release|Any CPU
		{72E821BA-03AC-42D9-9F8C-CC49722C7FD9}.Debug|Any CPU.ActiveCfg = Debug|Any CPU
		{72E821BA-03AC-42D9-9F8C-CC49722C7FD9}.Debug|Any CPU.Build.0 = Debug|Any CPU
		{72E821BA-03AC-42D9-9F8C-CC49722C7FD9}.Release|Any CPU.ActiveCfg = Release|Any CPU
		{72E821BA-03AC-42D9-9F8C-CC49722C7FD9}.Release|Any CPU.Build.0 = Release|Any CPU
		{82DAF214-B15A-4167-BA11-E576807F2405}.Debug|Any CPU.ActiveCfg = Debug|Any CPU
		{82DAF214-B15A-4167-BA11-E576807F2405}.Debug|Any CPU.Build.0 = Debug|Any CPU
		{82DAF214-B15A-4167-BA11-E576807F2405}.Release|Any CPU.ActiveCfg = Release|Any CPU
		{82DAF214-B15A-4167-BA11-E576807F2405}.Release|Any CPU.Build.0 = Release|Any CPU
	EndGlobalSection
	GlobalSection(SolutionProperties) = preSolution
		HideSolutionNode = FALSE
	EndGlobalSection
	GlobalSection(NestedProjects) = preSolution
		{E02E35AC-7A22-4472-BB69-E026D895B4E3} = {8BE18083-0B12-44BB-91A6-E480ED6E7D42}
		{04931856-F440-49FE-B8DD-A83619B4623E} = {8BE18083-0B12-44BB-91A6-E480ED6E7D42}
		{B2046FE2-443C-42E0-BA21-750D4ABEFD69} = {8BE18083-0B12-44BB-91A6-E480ED6E7D42}
		{F8405DA4-B902-4A4C-A4E3-30D51D1610D2} = {1C8D3885-244E-480B-9CAD-E704C828EC45}
		{D51FC69A-E584-4E6D-B6AF-5790F2F2B3F0} = {1C8D3885-244E-480B-9CAD-E704C828EC45}
		{91957E11-46D2-4519-BA26-E09C4B892B1C} = {1C8D3885-244E-480B-9CAD-E704C828EC45}
		{B95BBE80-CADB-4C98-81C2-B53F6F1F3085} = {68C222A9-3516-40D1-BC64-1941FE0328C5}
		{B45B15BE-3015-4A72-BBAC-D0DE687096E3} = {8BE18083-0B12-44BB-91A6-E480ED6E7D42}
		{72E821BA-03AC-42D9-9F8C-CC49722C7FD9} = {8BE18083-0B12-44BB-91A6-E480ED6E7D42}
		{82DAF214-B15A-4167-BA11-E576807F2405} = {8BE18083-0B12-44BB-91A6-E480ED6E7D42}
	EndGlobalSection
	GlobalSection(ExtensibilityGlobals) = postSolution
		SolutionGuid = {E0ED99C8-3058-468B-970B-2E31EAEE8314}
	EndGlobalSection
EndGlobal
